// !$*UTF8*$!
{
	archiveVersion = 1;
	classes = {
	};
	objectVersion = 50;
	objects = {

/* Begin PBXBuildFile section */
		4811B0D4222C64E500F49633 /* HomeworldVC.swift in Sources */ = {isa = PBXBuildFile; fileRef = 4811B0D3222C64E500F49633 /* HomeworldVC.swift */; };
		4811B0D6222C64F900F49633 /* VehiclesVC.swift in Sources */ = {isa = PBXBuildFile; fileRef = 4811B0D5222C64F900F49633 /* VehiclesVC.swift */; };
		4811B0D8222C650400F49633 /* StarshipsVC.swift in Sources */ = {isa = PBXBuildFile; fileRef = 4811B0D7222C650400F49633 /* StarshipsVC.swift */; };
		4811B0DA222C650F00F49633 /* FilmsVC.swift in Sources */ = {isa = PBXBuildFile; fileRef = 4811B0D9222C650F00F49633 /* FilmsVC.swift */; };
		4812D099222B2362000970E7 /* Person.swift in Sources */ = {isa = PBXBuildFile; fileRef = 4812D098222B2362000970E7 /* Person.swift */; };
		48702E0D222C34DE0027FA64 /* FadeEnabledButton.swift in Sources */ = {isa = PBXBuildFile; fileRef = 48702E0C222C34DE0027FA64 /* FadeEnabledButton.swift */; };
		489EEA5E222C79B700A59B85 /* Homeworld.swift in Sources */ = {isa = PBXBuildFile; fileRef = 489EEA5D222C79B700A59B85 /* Homeworld.swift */; };
		489EEA60222C7A4B00A59B85 /* HomeworldApi.swift in Sources */ = {isa = PBXBuildFile; fileRef = 489EEA5F222C7A4B00A59B85 /* HomeworldApi.swift */; };
		489EEA62222C840300A59B85 /* Vehicle.swift in Sources */ = {isa = PBXBuildFile; fileRef = 489EEA61222C840300A59B85 /* Vehicle.swift */; };
		489EEA64222C84A700A59B85 /* VehicleApi.swift in Sources */ = {isa = PBXBuildFile; fileRef = 489EEA63222C84A700A59B85 /* VehicleApi.swift */; };
		48D6A36F222AFA8E00DF1DC3 /* AppDelegate.swift in Sources */ = {isa = PBXBuildFile; fileRef = 48D6A36E222AFA8E00DF1DC3 /* AppDelegate.swift */; };
		48D6A371222AFA8E00DF1DC3 /* SelectPersonVC.swift in Sources */ = {isa = PBXBuildFile; fileRef = 48D6A370222AFA8E00DF1DC3 /* SelectPersonVC.swift */; };
		48D6A374222AFA8E00DF1DC3 /* Main.storyboard in Resources */ = {isa = PBXBuildFile; fileRef = 48D6A372222AFA8E00DF1DC3 /* Main.storyboard */; };
		48D6A376222AFA9000DF1DC3 /* Assets.xcassets in Resources */ = {isa = PBXBuildFile; fileRef = 48D6A375222AFA9000DF1DC3 /* Assets.xcassets */; };
		48D6A379222AFA9000DF1DC3 /* LaunchScreen.storyboard in Resources */ = {isa = PBXBuildFile; fileRef = 48D6A377222AFA9000DF1DC3 /* LaunchScreen.storyboard */; };
		48D6A383222AFE4700DF1DC3 /* Starjedi.ttf in Resources */ = {isa = PBXBuildFile; fileRef = 48D6A380222AFE4700DF1DC3 /* Starjedi.ttf */; };
		48D6A384222AFE4700DF1DC3 /* Starjhol.ttf in Resources */ = {isa = PBXBuildFile; fileRef = 48D6A381222AFE4700DF1DC3 /* Starjhol.ttf */; };
		48D6A385222AFE4700DF1DC3 /* Starjout.ttf in Resources */ = {isa = PBXBuildFile; fileRef = 48D6A382222AFE4700DF1DC3 /* Starjout.ttf */; };
		48D6A38C222B036500DF1DC3 /* BlackBackgroundView.swift in Sources */ = {isa = PBXBuildFile; fileRef = 48D6A38B222B036500DF1DC3 /* BlackBackgroundView.swift */; };
		48D6A38F222B03FA00DF1DC3 /* Constants.swift in Sources */ = {isa = PBXBuildFile; fileRef = 48D6A38E222B03FA00DF1DC3 /* Constants.swift */; };
		48D6A392222B0C4C00DF1DC3 /* PersonApi.swift in Sources */ = {isa = PBXBuildFile; fileRef = 48D6A391222B0C4C00DF1DC3 /* PersonApi.swift */; };
		BB00040B9EDD1995E9B041B2 /* Pods_StarTrivia.framework in Frameworks */ = {isa = PBXBuildFile; fileRef = 24C731C1857C2AC0800A6643 /* Pods_StarTrivia.framework */; };
/* End PBXBuildFile section */

/* Begin PBXFileReference section */
		00C44B2F1F9D20AFC3348B0A /* Pods-StarTrivia.release.xcconfig */ = {isa = PBXFileReference; includeInIndex = 1; lastKnownFileType = text.xcconfig; name = "Pods-StarTrivia.release.xcconfig"; path = "Target Support Files/Pods-StarTrivia/Pods-StarTrivia.release.xcconfig"; sourceTree = "<group>"; };
		24C731C1857C2AC0800A6643 /* Pods_StarTrivia.framework */ = {isa = PBXFileReference; explicitFileType = wrapper.framework; includeInIndex = 0; path = Pods_StarTrivia.framework; sourceTree = BUILT_PRODUCTS_DIR; };
		4811B0D3222C64E500F49633 /* HomeworldVC.swift */ = {isa = PBXFileReference; lastKnownFileType = sourcecode.swift; path = HomeworldVC.swift; sourceTree = "<group>"; };
		4811B0D5222C64F900F49633 /* VehiclesVC.swift */ = {isa = PBXFileReference; lastKnownFileType = sourcecode.swift; path = VehiclesVC.swift; sourceTree = "<group>"; };
		4811B0D7222C650400F49633 /* StarshipsVC.swift */ = {isa = PBXFileReference; lastKnownFileType = sourcecode.swift; path = StarshipsVC.swift; sourceTree = "<group>"; };
		4811B0D9222C650F00F49633 /* FilmsVC.swift */ = {isa = PBXFileReference; lastKnownFileType = sourcecode.swift; path = FilmsVC.swift; sourceTree = "<group>"; };
		4812D098222B2362000970E7 /* Person.swift */ = {isa = PBXFileReference; lastKnownFileType = sourcecode.swift; path = Person.swift; sourceTree = "<group>"; };
		48702E0C222C34DE0027FA64 /* FadeEnabledButton.swift */ = {isa = PBXFileReference; lastKnownFileType = sourcecode.swift; path = FadeEnabledButton.swift; sourceTree = "<group>"; };
		489EEA5D222C79B700A59B85 /* Homeworld.swift */ = {isa = PBXFileReference; lastKnownFileType = sourcecode.swift; path = Homeworld.swift; sourceTree = "<group>"; };
		489EEA5F222C7A4B00A59B85 /* HomeworldApi.swift */ = {isa = PBXFileReference; lastKnownFileType = sourcecode.swift; path = HomeworldApi.swift; sourceTree = "<group>"; };
		489EEA61222C840300A59B85 /* Vehicle.swift */ = {isa = PBXFileReference; lastKnownFileType = sourcecode.swift; path = Vehicle.swift; sourceTree = "<group>"; };
		489EEA63222C84A700A59B85 /* VehicleApi.swift */ = {isa = PBXFileReference; lastKnownFileType = sourcecode.swift; path = VehicleApi.swift; sourceTree = "<group>"; };
		48D6A36B222AFA8E00DF1DC3 /* StarTrivia.app */ = {isa = PBXFileReference; explicitFileType = wrapper.application; includeInIndex = 0; path = StarTrivia.app; sourceTree = BUILT_PRODUCTS_DIR; };
		48D6A36E222AFA8E00DF1DC3 /* AppDelegate.swift */ = {isa = PBXFileReference; lastKnownFileType = sourcecode.swift; path = AppDelegate.swift; sourceTree = "<group>"; };
		48D6A370222AFA8E00DF1DC3 /* SelectPersonVC.swift */ = {isa = PBXFileReference; lastKnownFileType = sourcecode.swift; path = SelectPersonVC.swift; sourceTree = "<group>"; };
		48D6A373222AFA8E00DF1DC3 /* Base */ = {isa = PBXFileReference; lastKnownFileType = file.storyboard; name = Base; path = Base.lproj/Main.storyboard; sourceTree = "<group>"; };
		48D6A375222AFA9000DF1DC3 /* Assets.xcassets */ = {isa = PBXFileReference; lastKnownFileType = folder.assetcatalog; path = Assets.xcassets; sourceTree = "<group>"; };
		48D6A378222AFA9000DF1DC3 /* Base */ = {isa = PBXFileReference; lastKnownFileType = file.storyboard; name = Base; path = Base.lproj/LaunchScreen.storyboard; sourceTree = "<group>"; };
		48D6A37A222AFA9000DF1DC3 /* Info.plist */ = {isa = PBXFileReference; lastKnownFileType = text.plist.xml; path = Info.plist; sourceTree = "<group>"; };
		48D6A380222AFE4700DF1DC3 /* Starjedi.ttf */ = {isa = PBXFileReference; lastKnownFileType = file; path = Starjedi.ttf; sourceTree = "<group>"; };
		48D6A381222AFE4700DF1DC3 /* Starjhol.ttf */ = {isa = PBXFileReference; lastKnownFileType = file; path = Starjhol.ttf; sourceTree = "<group>"; };
		48D6A382222AFE4700DF1DC3 /* Starjout.ttf */ = {isa = PBXFileReference; lastKnownFileType = file; path = Starjout.ttf; sourceTree = "<group>"; };
		48D6A38B222B036500DF1DC3 /* BlackBackgroundView.swift */ = {isa = PBXFileReference; lastKnownFileType = sourcecode.swift; path = BlackBackgroundView.swift; sourceTree = "<group>"; };
		48D6A38E222B03FA00DF1DC3 /* Constants.swift */ = {isa = PBXFileReference; lastKnownFileType = sourcecode.swift; path = Constants.swift; sourceTree = "<group>"; };
		48D6A391222B0C4C00DF1DC3 /* PersonApi.swift */ = {isa = PBXFileReference; lastKnownFileType = sourcecode.swift; path = PersonApi.swift; sourceTree = "<group>"; };
		B1149DBD0F983ED8B9CCE566 /* Pods-StarTrivia.debug.xcconfig */ = {isa = PBXFileReference; includeInIndex = 1; lastKnownFileType = text.xcconfig; name = "Pods-StarTrivia.debug.xcconfig"; path = "Target Support Files/Pods-StarTrivia/Pods-StarTrivia.debug.xcconfig"; sourceTree = "<group>"; };
/* End PBXFileReference section */

/* Begin PBXFrameworksBuildPhase section */
		48D6A368222AFA8E00DF1DC3 /* Frameworks */ = {
			isa = PBXFrameworksBuildPhase;
			buildActionMask = 2147483647;
			files = (
				BB00040B9EDD1995E9B041B2 /* Pods_StarTrivia.framework in Frameworks */,
			);
			runOnlyForDeploymentPostprocessing = 0;
		};
/* End PBXFrameworksBuildPhase section */

/* Begin PBXGroup section */
		48D6A362222AFA8E00DF1DC3 = {
			isa = PBXGroup;
			children = (
				48D6A36D222AFA8E00DF1DC3 /* StarTrivia */,
				48D6A36C222AFA8E00DF1DC3 /* Products */,
				67A7F5D24CAE9316D95B1957 /* Pods */,
				66C07F992812D4EBF159ED11 /* Frameworks */,
			);
			sourceTree = "<group>";
		};
		48D6A36C222AFA8E00DF1DC3 /* Products */ = {
			isa = PBXGroup;
			children = (
				48D6A36B222AFA8E00DF1DC3 /* StarTrivia.app */,
			);
			name = Products;
			sourceTree = "<group>";
		};
		48D6A36D222AFA8E00DF1DC3 /* StarTrivia */ = {
			isa = PBXGroup;
			children = (
				48D6A38A222AFE7500DF1DC3 /* Model */,
				48D6A389222AFE7100DF1DC3 /* View */,
				48D6A388222AFE6C00DF1DC3 /* Controller */,
				48D6A36E222AFA8E00DF1DC3 /* AppDelegate.swift */,
				48D6A390222B0C3200DF1DC3 /* Services */,
				48D6A38D222B03EA00DF1DC3 /* Utilities */,
				48D6A387222AFE5500DF1DC3 /* Resources */,
				48D6A372222AFA8E00DF1DC3 /* Main.storyboard */,
				48D6A375222AFA9000DF1DC3 /* Assets.xcassets */,
				48D6A377222AFA9000DF1DC3 /* LaunchScreen.storyboard */,
				48D6A37A222AFA9000DF1DC3 /* Info.plist */,
			);
			path = StarTrivia;
			sourceTree = "<group>";
		};
		48D6A386222AFE4F00DF1DC3 /* Fonts */ = {
			isa = PBXGroup;
			children = (
				48D6A380222AFE4700DF1DC3 /* Starjedi.ttf */,
				48D6A381222AFE4700DF1DC3 /* Starjhol.ttf */,
				48D6A382222AFE4700DF1DC3 /* Starjout.ttf */,
			);
			path = Fonts;
			sourceTree = "<group>";
		};
		48D6A387222AFE5500DF1DC3 /* Resources */ = {
			isa = PBXGroup;
			children = (
				48D6A386222AFE4F00DF1DC3 /* Fonts */,
			);
			path = Resources;
			sourceTree = "<group>";
		};
		48D6A388222AFE6C00DF1DC3 /* Controller */ = {
			isa = PBXGroup;
			children = (
				48D6A370222AFA8E00DF1DC3 /* SelectPersonVC.swift */,
				4811B0D3222C64E500F49633 /* HomeworldVC.swift */,
				4811B0D5222C64F900F49633 /* VehiclesVC.swift */,
				4811B0D7222C650400F49633 /* StarshipsVC.swift */,
				4811B0D9222C650F00F49633 /* FilmsVC.swift */,
			);
			path = Controller;
			sourceTree = "<group>";
		};
		48D6A389222AFE7100DF1DC3 /* View */ = {
			isa = PBXGroup;
			children = (
				48D6A38B222B036500DF1DC3 /* BlackBackgroundView.swift */,
				48702E0C222C34DE0027FA64 /* FadeEnabledButton.swift */,
			);
			path = View;
			sourceTree = "<group>";
		};
		48D6A38A222AFE7500DF1DC3 /* Model */ = {
			isa = PBXGroup;
			children = (
				4812D098222B2362000970E7 /* Person.swift */,
				489EEA5D222C79B700A59B85 /* Homeworld.swift */,
				489EEA61222C840300A59B85 /* Vehicle.swift */,
			);
			path = Model;
			sourceTree = "<group>";
		};
		48D6A38D222B03EA00DF1DC3 /* Utilities */ = {
			isa = PBXGroup;
			children = (
				48D6A38E222B03FA00DF1DC3 /* Constants.swift */,
			);
			path = Utilities;
			sourceTree = "<group>";
		};
		48D6A390222B0C3200DF1DC3 /* Services */ = {
			isa = PBXGroup;
			children = (
				48D6A391222B0C4C00DF1DC3 /* PersonApi.swift */,
				489EEA5F222C7A4B00A59B85 /* HomeworldApi.swift */,
				489EEA63222C84A700A59B85 /* VehicleApi.swift */,
			);
			path = Services;
			sourceTree = "<group>";
		};
		66C07F992812D4EBF159ED11 /* Frameworks */ = {
			isa = PBXGroup;
			children = (
				24C731C1857C2AC0800A6643 /* Pods_StarTrivia.framework */,
			);
			name = Frameworks;
			sourceTree = "<group>";
		};
		67A7F5D24CAE9316D95B1957 /* Pods */ = {
			isa = PBXGroup;
			children = (
				B1149DBD0F983ED8B9CCE566 /* Pods-StarTrivia.debug.xcconfig */,
				00C44B2F1F9D20AFC3348B0A /* Pods-StarTrivia.release.xcconfig */,
			);
			path = Pods;
			sourceTree = "<group>";
		};
/* End PBXGroup section */

/* Begin PBXNativeTarget section */
		48D6A36A222AFA8E00DF1DC3 /* StarTrivia */ = {
			isa = PBXNativeTarget;
			buildConfigurationList = 48D6A37D222AFA9000DF1DC3 /* Build configuration list for PBXNativeTarget "StarTrivia" */;
			buildPhases = (
				D855017C3595BA41E16CF928 /* [CP] Check Pods Manifest.lock */,
				48D6A367222AFA8E00DF1DC3 /* Sources */,
				48D6A368222AFA8E00DF1DC3 /* Frameworks */,
				48D6A369222AFA8E00DF1DC3 /* Resources */,
				55DB71156982E5688C43EC3C /* [CP] Embed Pods Frameworks */,
			);
			buildRules = (
			);
			dependencies = (
			);
			name = StarTrivia;
			productName = StarTrivia;
			productReference = 48D6A36B222AFA8E00DF1DC3 /* StarTrivia.app */;
			productType = "com.apple.product-type.application";
		};
/* End PBXNativeTarget section */

/* Begin PBXProject section */
		48D6A363222AFA8E00DF1DC3 /* Project object */ = {
			isa = PBXProject;
			attributes = {
				LastSwiftUpdateCheck = 1010;
				LastUpgradeCheck = 1010;
				ORGANIZATIONNAME = "Fred Lefevre";
				TargetAttributes = {
					48D6A36A222AFA8E00DF1DC3 = {
						CreatedOnToolsVersion = 10.1;
					};
				};
			};
			buildConfigurationList = 48D6A366222AFA8E00DF1DC3 /* Build configuration list for PBXProject "StarTrivia" */;
			compatibilityVersion = "Xcode 9.3";
			developmentRegion = en;
			hasScannedForEncodings = 0;
			knownRegions = (
				en,
				Base,
			);
			mainGroup = 48D6A362222AFA8E00DF1DC3;
			productRefGroup = 48D6A36C222AFA8E00DF1DC3 /* Products */;
			projectDirPath = "";
			projectRoot = "";
			targets = (
				48D6A36A222AFA8E00DF1DC3 /* StarTrivia */,
			);
		};
/* End PBXProject section */

/* Begin PBXResourcesBuildPhase section */
		48D6A369222AFA8E00DF1DC3 /* Resources */ = {
			isa = PBXResourcesBuildPhase;
			buildActionMask = 2147483647;
			files = (
				48D6A379222AFA9000DF1DC3 /* LaunchScreen.storyboard in Resources */,
				48D6A376222AFA9000DF1DC3 /* Assets.xcassets in Resources */,
				48D6A383222AFE4700DF1DC3 /* Starjedi.ttf in Resources */,
				48D6A384222AFE4700DF1DC3 /* Starjhol.ttf in Resources */,
				48D6A385222AFE4700DF1DC3 /* Starjout.ttf in Resources */,
				48D6A374222AFA8E00DF1DC3 /* Main.storyboard in Resources */,
			);
			runOnlyForDeploymentPostprocessing = 0;
		};
/* End PBXResourcesBuildPhase section */

/* Begin PBXShellScriptBuildPhase section */
		55DB71156982E5688C43EC3C /* [CP] Embed Pods Frameworks */ = {
			isa = PBXShellScriptBuildPhase;
			buildActionMask = 2147483647;
			files = (
			);
			inputFileListPaths = (
			);
			inputPaths = (
				"${PODS_ROOT}/Target Support Files/Pods-StarTrivia/Pods-StarTrivia-frameworks.sh",
				"${BUILT_PRODUCTS_DIR}/Alamofire/Alamofire.framework",
				"${BUILT_PRODUCTS_DIR}/SwiftyJSON/SwiftyJSON.framework",
			);
			name = "[CP] Embed Pods Frameworks";
			outputFileListPaths = (
			);
			outputPaths = (
				"${TARGET_BUILD_DIR}/${FRAMEWORKS_FOLDER_PATH}/Alamofire.framework",
				"${TARGET_BUILD_DIR}/${FRAMEWORKS_FOLDER_PATH}/SwiftyJSON.framework",
			);
			runOnlyForDeploymentPostprocessing = 0;
			shellPath = /bin/sh;
			shellScript = "\"${PODS_ROOT}/Target Support Files/Pods-StarTrivia/Pods-StarTrivia-frameworks.sh\"\n";
			showEnvVarsInLog = 0;
		};
		D855017C3595BA41E16CF928 /* [CP] Check Pods Manifest.lock */ = {
			isa = PBXShellScriptBuildPhase;
			buildActionMask = 2147483647;
			files = (
			);
			inputFileListPaths = (
			);
			inputPaths = (
				"${PODS_PODFILE_DIR_PATH}/Podfile.lock",
				"${PODS_ROOT}/Manifest.lock",
			);
			name = "[CP] Check Pods Manifest.lock";
			outputFileListPaths = (
			);
			outputPaths = (
				"$(DERIVED_FILE_DIR)/Pods-StarTrivia-checkManifestLockResult.txt",
			);
			runOnlyForDeploymentPostprocessing = 0;
			shellPath = /bin/sh;
			shellScript = "diff \"${PODS_PODFILE_DIR_PATH}/Podfile.lock\" \"${PODS_ROOT}/Manifest.lock\" > /dev/null\nif [ $? != 0 ] ; then\n    # print error to STDERR\n    echo \"error: The sandbox is not in sync with the Podfile.lock. Run 'pod install' or update your CocoaPods installation.\" >&2\n    exit 1\nfi\n# This output is used by Xcode 'outputs' to avoid re-running this script phase.\necho \"SUCCESS\" > \"${SCRIPT_OUTPUT_FILE_0}\"\n";
			showEnvVarsInLog = 0;
		};
/* End PBXShellScriptBuildPhase section */

/* Begin PBXSourcesBuildPhase section */
		48D6A367222AFA8E00DF1DC3 /* Sources */ = {
			isa = PBXSourcesBuildPhase;
			buildActionMask = 2147483647;
			files = (
				4812D099222B2362000970E7 /* Person.swift in Sources */,
				48702E0D222C34DE0027FA64 /* FadeEnabledButton.swift in Sources */,
				4811B0D8222C650400F49633 /* StarshipsVC.swift in Sources */,
				489EEA5E222C79B700A59B85 /* Homeworld.swift in Sources */,
				489EEA62222C840300A59B85 /* Vehicle.swift in Sources */,
				4811B0D6222C64F900F49633 /* VehiclesVC.swift in Sources */,
				489EEA64222C84A700A59B85 /* VehicleApi.swift in Sources */,
				489EEA60222C7A4B00A59B85 /* HomeworldApi.swift in Sources */,
				48D6A371222AFA8E00DF1DC3 /* SelectPersonVC.swift in Sources */,
				48D6A38C222B036500DF1DC3 /* BlackBackgroundView.swift in Sources */,
				48D6A36F222AFA8E00DF1DC3 /* AppDelegate.swift in Sources */,
				48D6A392222B0C4C00DF1DC3 /* PersonApi.swift in Sources */,
				4811B0DA222C650F00F49633 /* FilmsVC.swift in Sources */,
				4811B0D4222C64E500F49633 /* HomeworldVC.swift in Sources */,
				48D6A38F222B03FA00DF1DC3 /* Constants.swift in Sources */,
			);
			runOnlyForDeploymentPostprocessing = 0;
		};
/* End PBXSourcesBuildPhase section */

/* Begin PBXVariantGroup section */
		48D6A372222AFA8E00DF1DC3 /* Main.storyboard */ = {
			isa = PBXVariantGroup;
			children = (
				48D6A373222AFA8E00DF1DC3 /* Base */,
			);
			name = Main.storyboard;
			sourceTree = "<group>";
		};
		48D6A377222AFA9000DF1DC3 /* LaunchScreen.storyboard */ = {
			isa = PBXVariantGroup;
			children = (
				48D6A378222AFA9000DF1DC3 /* Base */,
			);
			name = LaunchScreen.storyboard;
			sourceTree = "<group>";
		};
/* End PBXVariantGroup section */

/* Begin XCBuildConfiguration section */
		48D6A37B222AFA9000DF1DC3 /* Debug */ = {
			isa = XCBuildConfiguration;
			buildSettings = {
				ALWAYS_SEARCH_USER_PATHS = NO;
				CLANG_ANALYZER_NONNULL = YES;
				CLANG_ANALYZER_NUMBER_OBJECT_CONVERSION = YES_AGGRESSIVE;
				CLANG_CXX_LANGUAGE_STANDARD = "gnu++14";
				CLANG_CXX_LIBRARY = "libc++";
				CLANG_ENABLE_MODULES = YES;
				CLANG_ENABLE_OBJC_ARC = YES;
				CLANG_ENABLE_OBJC_WEAK = YES;
				CLANG_WARN_BLOCK_CAPTURE_AUTORELEASING = YES;
				CLANG_WARN_BOOL_CONVERSION = YES;
				CLANG_WARN_COMMA = YES;
				CLANG_WARN_CONSTANT_CONVERSION = YES;
				CLANG_WARN_DEPRECATED_OBJC_IMPLEMENTATIONS = YES;
				CLANG_WARN_DIRECT_OBJC_ISA_USAGE = YES_ERROR;
				CLANG_WARN_DOCUMENTATION_COMMENTS = YES;
				CLANG_WARN_EMPTY_BODY = YES;
				CLANG_WARN_ENUM_CONVERSION = YES;
				CLANG_WARN_INFINITE_RECURSION = YES;
				CLANG_WARN_INT_CONVERSION = YES;
				CLANG_WARN_NON_LITERAL_NULL_CONVERSION = YES;
				CLANG_WARN_OBJC_IMPLICIT_RETAIN_SELF = YES;
				CLANG_WARN_OBJC_LITERAL_CONVERSION = YES;
				CLANG_WARN_OBJC_ROOT_CLASS = YES_ERROR;
				CLANG_WARN_RANGE_LOOP_ANALYSIS = YES;
				CLANG_WARN_STRICT_PROTOTYPES = YES;
				CLANG_WARN_SUSPICIOUS_MOVE = YES;
				CLANG_WARN_UNGUARDED_AVAILABILITY = YES_AGGRESSIVE;
				CLANG_WARN_UNREACHABLE_CODE = YES;
				CLANG_WARN__DUPLICATE_METHOD_MATCH = YES;
				CODE_SIGN_IDENTITY = "iPhone Developer";
				COPY_PHASE_STRIP = NO;
				DEBUG_INFORMATION_FORMAT = dwarf;
				ENABLE_STRICT_OBJC_MSGSEND = YES;
				ENABLE_TESTABILITY = YES;
				GCC_C_LANGUAGE_STANDARD = gnu11;
				GCC_DYNAMIC_NO_PIC = NO;
				GCC_NO_COMMON_BLOCKS = YES;
				GCC_OPTIMIZATION_LEVEL = 0;
				GCC_PREPROCESSOR_DEFINITIONS = (
					"DEBUG=1",
					"$(inherited)",
				);
				GCC_WARN_64_TO_32_BIT_CONVERSION = YES;
				GCC_WARN_ABOUT_RETURN_TYPE = YES_ERROR;
				GCC_WARN_UNDECLARED_SELECTOR = YES;
				GCC_WARN_UNINITIALIZED_AUTOS = YES_AGGRESSIVE;
				GCC_WARN_UNUSED_FUNCTION = YES;
				GCC_WARN_UNUSED_VARIABLE = YES;
				IPHONEOS_DEPLOYMENT_TARGET = 12.1;
				MTL_ENABLE_DEBUG_INFO = INCLUDE_SOURCE;
				MTL_FAST_MATH = YES;
				ONLY_ACTIVE_ARCH = YES;
				SDKROOT = iphoneos;
				SWIFT_ACTIVE_COMPILATION_CONDITIONS = DEBUG;
				SWIFT_OPTIMIZATION_LEVEL = "-Onone";
			};
			name = Debug;
		};
		48D6A37C222AFA9000DF1DC3 /* Release */ = {
			isa = XCBuildConfiguration;
			buildSettings = {
				ALWAYS_SEARCH_USER_PATHS = NO;
				CLANG_ANALYZER_NONNULL = YES;
				CLANG_ANALYZER_NUMBER_OBJECT_CONVERSION = YES_AGGRESSIVE;
				CLANG_CXX_LANGUAGE_STANDARD = "gnu++14";
				CLANG_CXX_LIBRARY = "libc++";
				CLANG_ENABLE_MODULES = YES;
				CLANG_ENABLE_OBJC_ARC = YES;
				CLANG_ENABLE_OBJC_WEAK = YES;
				CLANG_WARN_BLOCK_CAPTURE_AUTORELEASING = YES;
				CLANG_WARN_BOOL_CONVERSION = YES;
				CLANG_WARN_COMMA = YES;
				CLANG_WARN_CONSTANT_CONVERSION = YES;
				CLANG_WARN_DEPRECATED_OBJC_IMPLEMENTATIONS = YES;
				CLANG_WARN_DIRECT_OBJC_ISA_USAGE = YES_ERROR;
				CLANG_WARN_DOCUMENTATION_COMMENTS = YES;
				CLANG_WARN_EMPTY_BODY = YES;
				CLANG_WARN_ENUM_CONVERSION = YES;
				CLANG_WARN_INFINITE_RECURSION = YES;
				CLANG_WARN_INT_CONVERSION = YES;
				CLANG_WARN_NON_LITERAL_NULL_CONVERSION = YES;
				CLANG_WARN_OBJC_IMPLICIT_RETAIN_SELF = YES;
				CLANG_WARN_OBJC_LITERAL_CONVERSION = YES;
				CLANG_WARN_OBJC_ROOT_CLASS = YES_ERROR;
				CLANG_WARN_RANGE_LOOP_ANALYSIS = YES;
				CLANG_WARN_STRICT_PROTOTYPES = YES;
				CLANG_WARN_SUSPICIOUS_MOVE = YES;
				CLANG_WARN_UNGUARDED_AVAILABILITY = YES_AGGRESSIVE;
				CLANG_WARN_UNREACHABLE_CODE = YES;
				CLANG_WARN__DUPLICATE_METHOD_MATCH = YES;
				CODE_SIGN_IDENTITY = "iPhone Developer";
				COPY_PHASE_STRIP = NO;
				DEBUG_INFORMATION_FORMAT = "dwarf-with-dsym";
				ENABLE_NS_ASSERTIONS = NO;
				ENABLE_STRICT_OBJC_MSGSEND = YES;
				GCC_C_LANGUAGE_STANDARD = gnu11;
				GCC_NO_COMMON_BLOCKS = YES;
				GCC_WARN_64_TO_32_BIT_CONVERSION = YES;
				GCC_WARN_ABOUT_RETURN_TYPE = YES_ERROR;
				GCC_WARN_UNDECLARED_SELECTOR = YES;
				GCC_WARN_UNINITIALIZED_AUTOS = YES_AGGRESSIVE;
				GCC_WARN_UNUSED_FUNCTION = YES;
				GCC_WARN_UNUSED_VARIABLE = YES;
				IPHONEOS_DEPLOYMENT_TARGET = 12.1;
				MTL_ENABLE_DEBUG_INFO = NO;
				MTL_FAST_MATH = YES;
				SDKROOT = iphoneos;
				SWIFT_COMPILATION_MODE = wholemodule;
				SWIFT_OPTIMIZATION_LEVEL = "-O";
				VALIDATE_PRODUCT = YES;
			};
			name = Release;
		};
		48D6A37E222AFA9000DF1DC3 /* Debug */ = {
			isa = XCBuildConfiguration;
			baseConfigurationReference = B1149DBD0F983ED8B9CCE566 /* Pods-StarTrivia.debug.xcconfig */;
			buildSettings = {
				ASSETCATALOG_COMPILER_APPICON_NAME = AppIcon;
				CODE_SIGN_STYLE = Automatic;
				DEVELOPMENT_TEAM = R6V3TXD99T;
				INFOPLIST_FILE = StarTrivia/Info.plist;
				LD_RUNPATH_SEARCH_PATHS = (
					"$(inherited)",
					"@executable_path/Frameworks",
				);
				PRODUCT_BUNDLE_IDENTIFIER = com.fredlefevre.StarTrivia;
				PRODUCT_NAME = "$(TARGET_NAME)";
				SWIFT_VERSION = 4.2;
				TARGETED_DEVICE_FAMILY = "1,2";
			};
			name = Debug;
		};
		48D6A37F222AFA9000DF1DC3 /* Release */ = {
			isa = XCBuildConfiguration;
			baseConfigurationReference = 00C44B2F1F9D20AFC3348B0A /* Pods-StarTrivia.release.xcconfig */;
			buildSettings = {
				ASSETCATALOG_COMPILER_APPICON_NAME = AppIcon;
				CODE_SIGN_STYLE = Automatic;
				DEVELOPMENT_TEAM = R6V3TXD99T;
				INFOPLIST_FILE = StarTrivia/Info.plist;
				LD_RUNPATH_SEARCH_PATHS = (
					"$(inherited)",
					"@executable_path/Frameworks",
				);
				PRODUCT_BUNDLE_IDENTIFIER = com.fredlefevre.StarTrivia;
				PRODUCT_NAME = "$(TARGET_NAME)";
				SWIFT_VERSION = 4.2;
				TARGETED_DEVICE_FAMILY = "1,2";
			};
			name = Release;
		};
/* End XCBuildConfiguration section */

/* Begin XCConfigurationList section */
		48D6A366222AFA8E00DF1DC3 /* Build configuration list for PBXProject "StarTrivia" */ = {
			isa = XCConfigurationList;
			buildConfigurations = (
				48D6A37B222AFA9000DF1DC3 /* Debug */,
				48D6A37C222AFA9000DF1DC3 /* Release */,
			);
			defaultConfigurationIsVisible = 0;
			defaultConfigurationName = Release;
		};
		48D6A37D222AFA9000DF1DC3 /* Build configuration list for PBXNativeTarget "StarTrivia" */ = {
			isa = XCConfigurationList;
			buildConfigurations = (
				48D6A37E222AFA9000DF1DC3 /* Debug */,
				48D6A37F222AFA9000DF1DC3 /* Release */,
			);
			defaultConfigurationIsVisible = 0;
			defaultConfigurationName = Release;
		};
/* End XCConfigurationList section */
	};
	rootObject = 48D6A363222AFA8E00DF1DC3 /* Project object */;
}
